
Microsoft Visual Studio Solution File, Format Version 12.00
# Visual Studio Version 16
VisualStudioVersion = 16.0.29418.71
MinimumVisualStudioVersion = 10.0.40219.1
Project("{FAE04EC0-301F-11D3-BF4B-00C04F79EFBC}") = "ekmekfırını", "ekmekfırını\ekmekfırını.csproj", "{808BEFB7-AF3F-4A62-9410-6458415DCC7D}"
EndProject
Global
	GlobalSection(SolutionConfigurationPlatforms) = preSolution
		Debug|Any CPU = Debug|Any CPU
		Release|Any CPU = Release|Any CPU
	EndGlobalSection
	GlobalSection(ProjectConfigurationPlatforms) = postSolution
		{808BEFB7-AF3F-4A62-9410-6458415DCC7D}.Debug|Any CPU.ActiveCfg = Debug|Any CPU
		{808BEFB7-AF3F-4A62-9410-6458415DCC7D}.Debug|Any CPU.Build.0 = Debug|Any CPU
		{808BEFB7-AF3F-4A62-9410-6458415DCC7D}.Release|Any CPU.ActiveCfg = Release|Any CPU
		{808BEFB7-AF3F-4A62-9410-6458415DCC7D}.Release|Any CPU.Build.0 = Release|Any CPU
	EndGlobalSection
	GlobalSection(SolutionProperties) = preSolution
		HideSolutionNode = FALSE
	EndGlobalSection
	GlobalSection(ExtensibilityGlobals) = postSolution
		SolutionGuid = {F1201567-52A4-4E2D-8DB4-58CD586CC244}
	EndGlobalSection
EndGlobal
